// !$*UTF8*$!
{
	archiveVersion = 1;
	classes = {
	};
	objectVersion = 46;
	objects = {

/* Begin PBXBuildFile section */
		890F8CFA1C6E885E00A9921F /* AppDelegate.swift in Sources */ = {isa = PBXBuildFile; fileRef = 890F8CF91C6E885E00A9921F /* AppDelegate.swift */; };
		890F8CFC1C6E885E00A9921F /* ImageViewController.swift in Sources */ = {isa = PBXBuildFile; fileRef = 890F8CFB1C6E885E00A9921F /* ImageViewController.swift */; };
		890F8CFF1C6E885E00A9921F /* Main.storyboard in Resources */ = {isa = PBXBuildFile; fileRef = 890F8CFD1C6E885E00A9921F /* Main.storyboard */; };
		890F8D011C6E885E00A9921F /* Assets.xcassets in Resources */ = {isa = PBXBuildFile; fileRef = 890F8D001C6E885E00A9921F /* Assets.xcassets */; };
		890F8D041C6E885E00A9921F /* LaunchScreen.storyboard in Resources */ = {isa = PBXBuildFile; fileRef = 890F8D021C6E885E00A9921F /* LaunchScreen.storyboard */; };
		890F8D0F1C6E889600A9921F /* CloudKit.framework in Frameworks */ = {isa = PBXBuildFile; fileRef = 890F8D0E1C6E889600A9921F /* CloudKit.framework */; };
/* End PBXBuildFile section */

/* Begin PBXFileReference section */
		890F8CF61C6E885E00A9921F /* InstaPic.app */ = {isa = PBXFileReference; explicitFileType = wrapper.application; includeInIndex = 0; path = InstaPic.app; sourceTree = BUILT_PRODUCTS_DIR; };
		890F8CF91C6E885E00A9921F /* AppDelegate.swift */ = {isa = PBXFileReference; lastKnownFileType = sourcecode.swift; path = AppDelegate.swift; sourceTree = "<group>"; };
		890F8CFB1C6E885E00A9921F /* ImageViewController.swift */ = {isa = PBXFileReference; lastKnownFileType = sourcecode.swift; path = ImageViewController.swift; sourceTree = "<group>"; };
		890F8CFE1C6E885E00A9921F /* Base */ = {isa = PBXFileReference; lastKnownFileType = file.storyboard; name = Base; path = Base.lproj/Main.storyboard; sourceTree = "<group>"; };
		890F8D001C6E885E00A9921F /* Assets.xcassets */ = {isa = PBXFileReference; lastKnownFileType = folder.assetcatalog; path = Assets.xcassets; sourceTree = "<group>"; };
		890F8D031C6E885E00A9921F /* Base */ = {isa = PBXFileReference; lastKnownFileType = file.storyboard; name = Base; path = Base.lproj/LaunchScreen.storyboard; sourceTree = "<group>"; };
		890F8D051C6E885E00A9921F /* Info.plist */ = {isa = PBXFileReference; lastKnownFileType = text.plist.xml; path = Info.plist; sourceTree = "<group>"; };
		890F8D0D1C6E889400A9921F /* InstaPic.entitlements */ = {isa = PBXFileReference; lastKnownFileType = text.xml; path = InstaPic.entitlements; sourceTree = "<group>"; };
		890F8D0E1C6E889600A9921F /* CloudKit.framework */ = {isa = PBXFileReference; lastKnownFileType = wrapper.framework; name = CloudKit.framework; path = System/Library/Frameworks/CloudKit.framework; sourceTree = SDKROOT; };
/* End PBXFileReference section */

/* Begin PBXFrameworksBuildPhase section */
		890F8CF31C6E885E00A9921F /* Frameworks */ = {
			isa = PBXFrameworksBuildPhase;
			buildActionMask = 2147483647;
			files = (
				890F8D0F1C6E889600A9921F /* CloudKit.framework in Frameworks */,
			);
			runOnlyForDeploymentPostprocessing = 0;
		};
/* End PBXFrameworksBuildPhase section */

/* Begin PBXGroup section */
		890F8CED1C6E885E00A9921F = {
			isa = PBXGroup;
			children = (
				890F8CF81C6E885E00A9921F /* InstaPic */,
				890F8CF71C6E885E00A9921F /* Products */,
			);
			sourceTree = "<group>";
		};
		890F8CF71C6E885E00A9921F /* Products */ = {
			isa = PBXGroup;
			children = (
				890F8CF61C6E885E00A9921F /* InstaPic.app */,
			);
			name = Products;
			sourceTree = "<group>";
		};
		890F8CF81C6E885E00A9921F /* InstaPic */ = {
			isa = PBXGroup;
			children = (
				890F8D0D1C6E889400A9921F /* InstaPic.entitlements */,
				890F8D0E1C6E889600A9921F /* CloudKit.framework */,
				890F8D111C6E8C6100A9921F /* App Global */,
				890F8D121C6E8C6C00A9921F /* Controller */,
				890F8D101C6E8C5800A9921F /* View */,
			);
			path = InstaPic;
			sourceTree = "<group>";
		};
		890F8D101C6E8C5800A9921F /* View */ = {
			isa = PBXGroup;
			children = (
				890F8CFD1C6E885E00A9921F /* Main.storyboard */,
				890F8D001C6E885E00A9921F /* Assets.xcassets */,
				890F8D021C6E885E00A9921F /* LaunchScreen.storyboard */,
			);
			name = View;
			sourceTree = "<group>";
		};
		890F8D111C6E8C6100A9921F /* App Global */ = {
			isa = PBXGroup;
			children = (
				890F8CF91C6E885E00A9921F /* AppDelegate.swift */,
				890F8D051C6E885E00A9921F /* Info.plist */,
			);
			name = "App Global";
			sourceTree = "<group>";
		};
		890F8D121C6E8C6C00A9921F /* Controller */ = {
			isa = PBXGroup;
			children = (
				890F8CFB1C6E885E00A9921F /* ImageViewController.swift */,
			);
			name = Controller;
			sourceTree = "<group>";
		};
/* End PBXGroup section */

/* Begin PBXNativeTarget section */
		890F8CF51C6E885E00A9921F /* InstaPic */ = {
			isa = PBXNativeTarget;
			buildConfigurationList = 890F8D081C6E885E00A9921F /* Build configuration list for PBXNativeTarget "InstaPic" */;
			buildPhases = (
				890F8CF21C6E885E00A9921F /* Sources */,
				890F8CF31C6E885E00A9921F /* Frameworks */,
				890F8CF41C6E885E00A9921F /* Resources */,
			);
			buildRules = (
			);
			dependencies = (
			);
			name = InstaPic;
			productName = InstaPic;
			productReference = 890F8CF61C6E885E00A9921F /* InstaPic.app */;
			productType = "com.apple.product-type.application";
		};
/* End PBXNativeTarget section */

/* Begin PBXProject section */
		890F8CEE1C6E885E00A9921F /* Project object */ = {
			isa = PBXProject;
			attributes = {
				LastSwiftUpdateCheck = 0720;
				LastUpgradeCheck = 0720;
				ORGANIZATIONNAME = "Lauren Spatz";
				TargetAttributes = {
					890F8CF51C6E885E00A9921F = {
						CreatedOnToolsVersion = 7.2.1;
						DevelopmentTeam = ZQNLBX5CZ8;
						SystemCapabilities = {
							com.apple.iCloud = {
								enabled = 1;
							};
						};
					};
				};
			};
			buildConfigurationList = 890F8CF11C6E885E00A9921F /* Build configuration list for PBXProject "InstaPic" */;
			compatibilityVersion = "Xcode 3.2";
			developmentRegion = English;
			hasScannedForEncodings = 0;
			knownRegions = (
				en,
				Base,
			);
			mainGroup = 890F8CED1C6E885E00A9921F;
			productRefGroup = 890F8CF71C6E885E00A9921F /* Products */;
			projectDirPath = "";
			projectRoot = "";
			targets = (
				890F8CF51C6E885E00A9921F /* InstaPic */,
			);
		};
/* End PBXProject section */

/* Begin PBXResourcesBuildPhase section */
		890F8CF41C6E885E00A9921F /* Resources */ = {
			isa = PBXResourcesBuildPhase;
			buildActionMask = 2147483647;
			files = (
				890F8D041C6E885E00A9921F /* LaunchScreen.storyboard in Resources */,
				890F8D011C6E885E00A9921F /* Assets.xcassets in Resources */,
				890F8CFF1C6E885E00A9921F /* Main.storyboard in Resources */,
			);
			runOnlyForDeploymentPostprocessing = 0;
		};
/* End PBXResourcesBuildPhase section */

/* Begin PBXSourcesBuildPhase section */
		890F8CF21C6E885E00A9921F /* Sources */ = {
			isa = PBXSourcesBuildPhase;
			buildActionMask = 2147483647;
			files = (
				890F8CFC1C6E885E00A9921F /* ImageViewController.swift in Sources */,
				890F8CFA1C6E885E00A9921F /* AppDelegate.swift in Sources */,
			);
			runOnlyForDeploymentPostprocessing = 0;
		};
/* End PBXSourcesBuildPhase section */

/* Begin PBXVariantGroup section */
		890F8CFD1C6E885E00A9921F /* Main.storyboard */ = {
			isa = PBXVariantGroup;
			children = (
				890F8CFE1C6E885E00A9921F /* Base */,
			);
			name = Main.storyboard;
			sourceTree = "<group>";
		};
		890F8D021C6E885E00A9921F /* LaunchScreen.storyboard */ = {
			isa = PBXVariantGroup;
			children = (
				890F8D031C6E885E00A9921F /* Base */,
			);
			name = LaunchScreen.storyboard;
			sourceTree = "<group>";
		};
/* End PBXVariantGroup section */

/* Begin XCBuildConfiguration section */
		890F8D061C6E885E00A9921F /* Debug */ = {
			isa = XCBuildConfiguration;
			buildSettings = {
				ALWAYS_SEARCH_USER_PATHS = NO;
				CLANG_CXX_LANGUAGE_STANDARD = "gnu++0x";
				CLANG_CXX_LIBRARY = "libc++";
				CLANG_ENABLE_MODULES = YES;
				CLANG_ENABLE_OBJC_ARC = YES;
				CLANG_WARN_BOOL_CONVERSION = YES;
				CLANG_WARN_CONSTANT_CONVERSION = YES;
				CLANG_WARN_DIRECT_OBJC_ISA_USAGE = YES_ERROR;
				CLANG_WARN_EMPTY_BODY = YES;
				CLANG_WARN_ENUM_CONVERSION = YES;
				CLANG_WARN_INT_CONVERSION = YES;
				CLANG_WARN_OBJC_ROOT_CLASS = YES_ERROR;
				CLANG_WARN_UNREACHABLE_CODE = YES;
				CLANG_WARN__DUPLICATE_METHOD_MATCH = YES;
				"CODE_SIGN_IDENTITY[sdk=iphoneos*]" = "iPhone Developer";
				COPY_PHASE_STRIP = NO;
				DEBUG_INFORMATION_FORMAT = dwarf;
				ENABLE_STRICT_OBJC_MSGSEND = YES;
				ENABLE_TESTABILITY = YES;
				GCC_C_LANGUAGE_STANDARD = gnu99;
				GCC_DYNAMIC_NO_PIC = NO;
				GCC_NO_COMMON_BLOCKS = YES;
				GCC_OPTIMIZATION_LEVEL = 0;
				GCC_PREPROCESSOR_DEFINITIONS = (
					"DEBUG=1",
					"$(inherited)",
				);
				GCC_WARN_64_TO_32_BIT_CONVERSION = YES;
				GCC_WARN_ABOUT_RETURN_TYPE = YES_ERROR;
				GCC_WARN_UNDECLARED_SELECTOR = YES;
				GCC_WARN_UNINITIALIZED_AUTOS = YES_AGGRESSIVE;
				GCC_WARN_UNUSED_FUNCTION = YES;
				GCC_WARN_UNUSED_VARIABLE = YES;
				IPHONEOS_DEPLOYMENT_TARGET = 9.2;
				MTL_ENABLE_DEBUG_INFO = YES;
				ONLY_ACTIVE_ARCH = YES;
				SDKROOT = iphoneos;
				SWIFT_OPTIMIZATION_LEVEL = "-Onone";
				TARGETED_DEVICE_FAMILY = "1,2";
			};
			name = Debug;
		};
		890F8D071C6E885E00A9921F /* Release */ = {
			isa = XCBuildConfiguration;
			buildSettings = {
				ALWAYS_SEARCH_USER_PATHS = NO;
				CLANG_CXX_LANGUAGE_STANDARD = "gnu++0x";
				CLANG_CXX_LIBRARY = "libc++";
				CLANG_ENABLE_MODULES = YES;
				CLANG_ENABLE_OBJC_ARC = YES;
				CLANG_WARN_BOOL_CONVERSION = YES;
				CLANG_WARN_CONSTANT_CONVERSION = YES;
				CLANG_WARN_DIRECT_OBJC_ISA_USAGE = YES_ERROR;
				CLANG_WARN_EMPTY_BODY = YES;
				CLANG_WARN_ENUM_CONVERSION = YES;
				CLANG_WARN_INT_CONVERSION = YES;
				CLANG_WARN_OBJC_ROOT_CLASS = YES_ERROR;
				CLANG_WARN_UNREACHABLE_CODE = YES;
				CLANG_WARN__DUPLICATE_METHOD_MATCH = YES;
				"CODE_SIGN_IDENTITY[sdk=iphoneos*]" = "iPhone Developer";
				COPY_PHASE_STRIP = NO;
				DEBUG_INFORMATION_FORMAT = "dwarf-with-dsym";
				ENABLE_NS_ASSERTIONS = NO;
				ENABLE_STRICT_OBJC_MSGSEND = YES;
				GCC_C_LANGUAGE_STANDARD = gnu99;
				GCC_NO_COMMON_BLOCKS = YES;
				GCC_WARN_64_TO_32_BIT_CONVERSION = YES;
				GCC_WARN_ABOUT_RETURN_TYPE = YES_ERROR;
				GCC_WARN_UNDECLARED_SELECTOR = YES;
				GCC_WARN_UNINITIALIZED_AUTOS = YES_AGGRESSIVE;
				GCC_WARN_UNUSED_FUNCTION = YES;
				GCC_WARN_UNUSED_VARIABLE = YES;
				IPHONEOS_DEPLOYMENT_TARGET = 9.2;
				MTL_ENABLE_DEBUG_INFO = NO;
				SDKROOT = iphoneos;
				TARGETED_DEVICE_FAMILY = "1,2";
				VALIDATE_PRODUCT = YES;
			};
			name = Release;
		};
		890F8D091C6E885E00A9921F /* Debug */ = {
			isa = XCBuildConfiguration;
			buildSettings = {
				ASSETCATALOG_COMPILER_APPICON_NAME = AppIcon;
				CODE_SIGN_ENTITLEMENTS = InstaPic/InstaPic.entitlements;
				INFOPLIST_FILE = InstaPic/Info.plist;
				LD_RUNPATH_SEARCH_PATHS = "$(inherited) @executable_path/Frameworks";
				PRODUCT_BUNDLE_IDENTIFIER = com.laurenspatz.InstaPic;
				PRODUCT_NAME = "$(TARGET_NAME)";
			};
			name = Debug;
		};
		890F8D0A1C6E885E00A9921F /* Release */ = {
			isa = XCBuildConfiguration;
			buildSettings = {
				ASSETCATALOG_COMPILER_APPICON_NAME = AppIcon;
				CODE_SIGN_ENTITLEMENTS = InstaPic/InstaPic.entitlements;
				INFOPLIST_FILE = InstaPic/Info.plist;
				LD_RUNPATH_SEARCH_PATHS = "$(inherited) @executable_path/Frameworks";
				PRODUCT_BUNDLE_IDENTIFIER = com.laurenspatz.InstaPic;
				PRODUCT_NAME = "$(TARGET_NAME)";
			};
			name = Release;
		};
/* End XCBuildConfiguration section */

/* Begin XCConfigurationList section */
		890F8CF11C6E885E00A9921F /* Build configuration list for PBXProject "InstaPic" */ = {
			isa = XCConfigurationList;
			buildConfigurations = (
				890F8D061C6E885E00A9921F /* Debug */,
				890F8D071C6E885E00A9921F /* Release */,
			);
			defaultConfigurationIsVisible = 0;
			defaultConfigurationName = Release;
		};
		890F8D081C6E885E00A9921F /* Build configuration list for PBXNativeTarget "InstaPic" */ = {
			isa = XCConfigurationList;
			buildConfigurations = (
				890F8D091C6E885E00A9921F /* Debug */,
				890F8D0A1C6E885E00A9921F /* Release */,
			);
			defaultConfigurationIsVisible = 0;
		};
/* End XCConfigurationList section */
	};
	rootObject = 890F8CEE1C6E885E00A9921F /* Project object */;
}
